
Microsoft Visual Studio Solution File, Format Version 12.00
# Visual Studio Version 16
VisualStudioVersion = 16.0.31112.23
MinimumVisualStudioVersion = 10.0.40219.1
Project("{FAE04EC0-301F-11D3-BF4B-00C04F79EFBC}") = "UnitTests", "UnitTests\UnitTests.csproj", "{BE77C853-C150-4EBA-A8FD-F3B187D2B9C7}"
EndProject
Project("{FAE04EC0-301F-11D3-BF4B-00C04F79EFBC}") = "GitLabCodeReview", "GitLabCodeReview\GitLabCodeReview.csproj", "{726116ED-A862-4BB2-AD97-6C81CE1F6390}"
EndProject
Project("{FAE04EC0-301F-11D3-BF4B-00C04F79EFBC}") = "GitLabCodeReviewVsix2019", "GitLabCodeReviewVsIx2019\GitLabCodeReviewVsix2019.csproj", "{D667BA1B-4DF5-47F1-9958-A5EF81FABDC7}"
EndProject
Global
	GlobalSection(SolutionConfigurationPlatforms) = preSolution
		Debug|Any CPU = Debug|Any CPU
		Release|Any CPU = Release|Any CPU
	EndGlobalSection
	GlobalSection(ProjectConfigurationPlatforms) = postSolution
		{BE77C853-C150-4EBA-A8FD-F3B187D2B9C7}.Debug|Any CPU.ActiveCfg = Debug|Any CPU
		{BE77C853-C150-4EBA-A8FD-F3B187D2B9C7}.Debug|Any CPU.Build.0 = Debug|Any CPU
		{BE77C853-C150-4EBA-A8FD-F3B187D2B9C7}.Release|Any CPU.ActiveCfg = Release|Any CPU
		{BE77C853-C150-4EBA-A8FD-F3B187D2B9C7}.Release|Any CPU.Build.0 = Release|Any CPU
		{726116ED-A862-4BB2-AD97-6C81CE1F6390}.Debug|Any CPU.ActiveCfg = Debug|Any CPU
		{726116ED-A862-4BB2-AD97-6C81CE1F6390}.Debug|Any CPU.Build.0 = Debug|Any CPU
		{726116ED-A862-4BB2-AD97-6C81CE1F6390}.Release|Any CPU.ActiveCfg = Release|Any CPU
		{726116ED-A862-4BB2-AD97-6C81CE1F6390}.Release|Any CPU.Build.0 = Release|Any CPU
		{D667BA1B-4DF5-47F1-9958-A5EF81FABDC7}.Debug|Any CPU.ActiveCfg = Debug|Any CPU
		{D667BA1B-4DF5-47F1-9958-A5EF81FABDC7}.Debug|Any CPU.Build.0 = Debug|Any CPU
		{D667BA1B-4DF5-47F1-9958-A5EF81FABDC7}.Release|Any CPU.ActiveCfg = Release|Any CPU
		{D667BA1B-4DF5-47F1-9958-A5EF81FABDC7}.Release|Any CPU.Build.0 = Release|Any CPU
	EndGlobalSection
	GlobalSection(SolutionProperties) = preSolution
		HideSolutionNode = FALSE
	EndGlobalSection
	GlobalSection(ExtensibilityGlobals) = postSolution
		SolutionGuid = {DA91CD2C-ACE3-43ED-ABF6-16F163F29257}
	EndGlobalSection
EndGlobal
